
Microsoft Visual Studio Solution File, Format Version 12.00
# Visual Studio Version 18
VisualStudioVersion = 18.2.11415.280 d18.0
MinimumVisualStudioVersion = 10.0.40219.1
Project("{FAE04EC0-301F-11D3-BF4B-00C04F79EFBC}") = "S10273987F_PRG2Assignment", "S10273987F_PRG2Assignment.csproj", "{98786D4D-F87F-FE59-B288-98BB9C487E58}"
EndProject
Global
	GlobalSection(SolutionConfigurationPlatforms) = preSolution
		Debug|Any CPU = Debug|Any CPU
		Release|Any CPU = Release|Any CPU
	EndGlobalSection
	GlobalSection(ProjectConfigurationPlatforms) = postSolution
		{98786D4D-F87F-FE59-B288-98BB9C487E58}.Debug|Any CPU.ActiveCfg = Debug|Any CPU
		{98786D4D-F87F-FE59-B288-98BB9C487E58}.Debug|Any CPU.Build.0 = Debug|Any CPU
		{98786D4D-F87F-FE59-B288-98BB9C487E58}.Release|Any CPU.ActiveCfg = Release|Any CPU
		{98786D4D-F87F-FE59-B288-98BB9C487E58}.Release|Any CPU.Build.0 = Release|Any CPU
	EndGlobalSection
	GlobalSection(SolutionProperties) = preSolution
		HideSolutionNode = FALSE
	EndGlobalSection
	GlobalSection(ExtensibilityGlobals) = postSolution
		SolutionGuid = {D4CA09F2-99ED-48EC-967B-7351AF94800D}
	EndGlobalSection
EndGlobal
