
Microsoft Visual Studio Solution File, Format Version 12.00
# Visual Studio Version 18
VisualStudioVersion = 18.2.11415.280 d18.0
MinimumVisualStudioVersion = 10.0.40219.1
Project("{FAE04EC0-301F-11D3-BF4B-00C04F79EFBC}") = "S10273066B_PRG2Assignment", "S10273066B_PRG2Assignment.csproj", "{42B31E0C-5232-5400-D20F-9CDEDFDCE9B3}"
EndProject
Global
	GlobalSection(SolutionConfigurationPlatforms) = preSolution
		Debug|Any CPU = Debug|Any CPU
		Release|Any CPU = Release|Any CPU
	EndGlobalSection
	GlobalSection(ProjectConfigurationPlatforms) = postSolution
		{42B31E0C-5232-5400-D20F-9CDEDFDCE9B3}.Debug|Any CPU.ActiveCfg = Debug|Any CPU
		{42B31E0C-5232-5400-D20F-9CDEDFDCE9B3}.Debug|Any CPU.Build.0 = Debug|Any CPU
		{42B31E0C-5232-5400-D20F-9CDEDFDCE9B3}.Release|Any CPU.ActiveCfg = Release|Any CPU
		{42B31E0C-5232-5400-D20F-9CDEDFDCE9B3}.Release|Any CPU.Build.0 = Release|Any CPU
	EndGlobalSection
	GlobalSection(SolutionProperties) = preSolution
		HideSolutionNode = FALSE
	EndGlobalSection
	GlobalSection(ExtensibilityGlobals) = postSolution
		SolutionGuid = {D26B54F6-7340-4891-8FD6-BABD216131F2}
	EndGlobalSection
EndGlobal
